
Microsoft Visual Studio Solution File, Format Version 12.00
# Visual Studio 14
VisualStudioVersion = 14.0.25420.1
MinimumVisualStudioVersion = 10.0.40219.1
Project("{FAE04EC0-301F-11D3-BF4B-00C04F79EFBC}") = "WpfDummyApp", "WpfDummyAppl\WpfDummyApp.csproj", "{98C5C51A-FF96-4D0E-A589-65E586B214A5}"
EndProject
Global
	GlobalSection(SolutionConfigurationPlatforms) = preSolution
		Debug|Any CPU = Debug|Any CPU
		Release|Any CPU = Release|Any CPU
	EndGlobalSection
	GlobalSection(ProjectConfigurationPlatforms) = postSolution
		{98C5C51A-FF96-4D0E-A589-65E586B214A5}.Debug|Any CPU.ActiveCfg = Debug|Any CPU
		{98C5C51A-FF96-4D0E-A589-65E586B214A5}.Debug|Any CPU.Build.0 = Debug|Any CPU
		{98C5C51A-FF96-4D0E-A589-65E586B214A5}.Release|Any CPU.ActiveCfg = Release|Any CPU
		{98C5C51A-FF96-4D0E-A589-65E586B214A5}.Release|Any CPU.Build.0 = Release|Any CPU
	EndGlobalSection
	GlobalSection(SolutionProperties) = preSolution
		HideSolutionNode = FALSE
	EndGlobalSection
EndGlobal
